# This file was autogenerated by Stack.
# You should not edit this file by hand.
# For more information, please see the documentation at:
#   https://docs.haskellstack.org/en/stable/topics/lock_files

packages:
- completed:
    hackage: pgf2-1.3.0@sha256:7cf0c301c6e03b40100d2fd2fb751b73435f3246749b384ab264f9a0e9748cc6,1180
    pantry-tree:
      sha256: 5f956e15f4b2a8131a1f87db06283344630f6631ee6cc8f64695659210d4633c
      size: 521
  original:
    hackage: pgf2-1.3.0
snapshots:
- completed:
    sha256: 2d580e973dc1a5ff70cd2bb1248613f835829b38eed5db5dafc3615a22cb1bcd
    size: 679292
    url: https://raw.githubusercontent.com/commercialhaskell/stackage-snapshots/master/lts/23/5.yaml
  original:
    url: https://raw.githubusercontent.com/commercialhaskell/stackage-snapshots/master/lts/23/5.yaml
